
Microsoft Visual Studio Solution File, Format Version 12.00
# Visual Studio Version 16
VisualStudioVersion = 16.0.30907.101
MinimumVisualStudioVersion = 10.0.40219.1
Project("{FAE04EC0-301F-11D3-BF4B-00C04F79EFBC}") = "Lesson-1", "Lesson-1\Lesson-1.csproj", "{96D513BD-1E00-417D-AAB6-99A98EE16F6C}"
EndProject
Global
	GlobalSection(SolutionConfigurationPlatforms) = preSolution
		Debug|Any CPU = Debug|Any CPU
		Release|Any CPU = Release|Any CPU
	EndGlobalSection
	GlobalSection(ProjectConfigurationPlatforms) = postSolution
		{96D513BD-1E00-417D-AAB6-99A98EE16F6C}.Debug|Any CPU.ActiveCfg = Debug|Any CPU
		{96D513BD-1E00-417D-AAB6-99A98EE16F6C}.Debug|Any CPU.Build.0 = Debug|Any CPU
		{96D513BD-1E00-417D-AAB6-99A98EE16F6C}.Release|Any CPU.ActiveCfg = Release|Any CPU
		{96D513BD-1E00-417D-AAB6-99A98EE16F6C}.Release|Any CPU.Build.0 = Release|Any CPU
	EndGlobalSection
	GlobalSection(SolutionProperties) = preSolution
		HideSolutionNode = FALSE
	EndGlobalSection
	GlobalSection(ExtensibilityGlobals) = postSolution
		SolutionGuid = {1B0320F0-741E-45F1-A587-6010E202B059}
	EndGlobalSection
EndGlobal
