
Microsoft Visual Studio Solution File, Format Version 12.00
# Visual Studio Version 16
VisualStudioVersion = 16.0.30907.101
MinimumVisualStudioVersion = 10.0.40219.1
Project("{FAE04EC0-301F-11D3-BF4B-00C04F79EFBC}") = "Lesson-2.3", "Lesson-2.3\Lesson-2.3.csproj", "{F253AD4C-A866-46DD-8342-4F1027EDBD66}"
EndProject
Project("{FAE04EC0-301F-11D3-BF4B-00C04F79EFBC}") = "Lesson-2.4", "Lesson-2.4\Lesson-2.4.csproj", "{6D1F4A7A-9146-45C5-AE38-E090B191D5E2}"
EndProject
Project("{FAE04EC0-301F-11D3-BF4B-00C04F79EFBC}") = "Lesson-2.1", "Lesson-2.1\Lesson-2.1.csproj", "{2BF6CDE3-23F8-4250-88C9-12F3042D607B}"
EndProject
Project("{FAE04EC0-301F-11D3-BF4B-00C04F79EFBC}") = "Lesson-2.2", "Lesson-2.2\Lesson-2.2.csproj", "{7B0AE406-7BA6-4E46-A883-267A0EF0B539}"
EndProject
Project("{FAE04EC0-301F-11D3-BF4B-00C04F79EFBC}") = "Lesson-2.5", "Lesson-2.5\Lesson-2.5.csproj", "{307B72F7-5A9A-45D2-B447-51CCB78E6C6B}"
EndProject
Project("{FAE04EC0-301F-11D3-BF4B-00C04F79EFBC}") = "Lesson-2.6", "Lesson-2.6\Lesson-2.6.csproj", "{221DE46D-4314-45EB-858D-493A138ABD1A}"
EndProject
Global
	GlobalSection(SolutionConfigurationPlatforms) = preSolution
		Debug|Any CPU = Debug|Any CPU
		Release|Any CPU = Release|Any CPU
	EndGlobalSection
	GlobalSection(ProjectConfigurationPlatforms) = postSolution
		{F253AD4C-A866-46DD-8342-4F1027EDBD66}.Debug|Any CPU.ActiveCfg = Debug|Any CPU
		{F253AD4C-A866-46DD-8342-4F1027EDBD66}.Debug|Any CPU.Build.0 = Debug|Any CPU
		{F253AD4C-A866-46DD-8342-4F1027EDBD66}.Release|Any CPU.ActiveCfg = Release|Any CPU
		{F253AD4C-A866-46DD-8342-4F1027EDBD66}.Release|Any CPU.Build.0 = Release|Any CPU
		{6D1F4A7A-9146-45C5-AE38-E090B191D5E2}.Debug|Any CPU.ActiveCfg = Debug|Any CPU
		{6D1F4A7A-9146-45C5-AE38-E090B191D5E2}.Debug|Any CPU.Build.0 = Debug|Any CPU
		{6D1F4A7A-9146-45C5-AE38-E090B191D5E2}.Release|Any CPU.ActiveCfg = Release|Any CPU
		{6D1F4A7A-9146-45C5-AE38-E090B191D5E2}.Release|Any CPU.Build.0 = Release|Any CPU
		{2BF6CDE3-23F8-4250-88C9-12F3042D607B}.Debug|Any CPU.ActiveCfg = Debug|Any CPU
		{2BF6CDE3-23F8-4250-88C9-12F3042D607B}.Debug|Any CPU.Build.0 = Debug|Any CPU
		{2BF6CDE3-23F8-4250-88C9-12F3042D607B}.Release|Any CPU.ActiveCfg = Release|Any CPU
		{2BF6CDE3-23F8-4250-88C9-12F3042D607B}.Release|Any CPU.Build.0 = Release|Any CPU
		{7B0AE406-7BA6-4E46-A883-267A0EF0B539}.Debug|Any CPU.ActiveCfg = Debug|Any CPU
		{7B0AE406-7BA6-4E46-A883-267A0EF0B539}.Debug|Any CPU.Build.0 = Debug|Any CPU
		{7B0AE406-7BA6-4E46-A883-267A0EF0B539}.Release|Any CPU.ActiveCfg = Release|Any CPU
		{7B0AE406-7BA6-4E46-A883-267A0EF0B539}.Release|Any CPU.Build.0 = Release|Any CPU
		{307B72F7-5A9A-45D2-B447-51CCB78E6C6B}.Debug|Any CPU.ActiveCfg = Debug|Any CPU
		{307B72F7-5A9A-45D2-B447-51CCB78E6C6B}.Debug|Any CPU.Build.0 = Debug|Any CPU
		{307B72F7-5A9A-45D2-B447-51CCB78E6C6B}.Release|Any CPU.ActiveCfg = Release|Any CPU
		{307B72F7-5A9A-45D2-B447-51CCB78E6C6B}.Release|Any CPU.Build.0 = Release|Any CPU
		{221DE46D-4314-45EB-858D-493A138ABD1A}.Debug|Any CPU.ActiveCfg = Debug|Any CPU
		{221DE46D-4314-45EB-858D-493A138ABD1A}.Debug|Any CPU.Build.0 = Debug|Any CPU
		{221DE46D-4314-45EB-858D-493A138ABD1A}.Release|Any CPU.ActiveCfg = Release|Any CPU
		{221DE46D-4314-45EB-858D-493A138ABD1A}.Release|Any CPU.Build.0 = Release|Any CPU
	EndGlobalSection
	GlobalSection(SolutionProperties) = preSolution
		HideSolutionNode = FALSE
	EndGlobalSection
	GlobalSection(ExtensibilityGlobals) = postSolution
		SolutionGuid = {E47BD9D3-06E2-4319-8716-632C122B2745}
	EndGlobalSection
EndGlobal
