
Microsoft Visual Studio Solution File, Format Version 12.00
# Visual Studio Version 16
VisualStudioVersion = 16.0.30907.101
MinimumVisualStudioVersion = 10.0.40219.1
Project("{FAE04EC0-301F-11D3-BF4B-00C04F79EFBC}") = "Lesson-5.1", "Lesson-5.1\Lesson-5.1.csproj", "{C5CC7E56-2433-49E5-8666-B9E4BBC0D67D}"
EndProject
Project("{FAE04EC0-301F-11D3-BF4B-00C04F79EFBC}") = "Lesson-5.2", "Lesson-5.2\Lesson-5.2.csproj", "{3D8B4FD5-5B69-415D-BDF8-B3DA10815D41}"
EndProject
Project("{FAE04EC0-301F-11D3-BF4B-00C04F79EFBC}") = "Lesson-5.3", "Lesson-5.3\Lesson-5.3.csproj", "{248864B4-5203-42F7-BA60-E1742FEC6FC9}"
EndProject
Project("{FAE04EC0-301F-11D3-BF4B-00C04F79EFBC}") = "Lesson-5.4", "Lesson-5.4\Lesson-5.4.csproj", "{9C0DD7DE-C449-4430-94AF-65306186078E}"
EndProject
Project("{FAE04EC0-301F-11D3-BF4B-00C04F79EFBC}") = "Lesson-5.5(NetCore)", "Lesson-5.5(NetCore)\Lesson-5.5(NetCore).csproj", "{D9F3823B-0643-4BE8-A4D2-101CF58D330B}"
EndProject
Global
	GlobalSection(SolutionConfigurationPlatforms) = preSolution
		Debug|Any CPU = Debug|Any CPU
		Release|Any CPU = Release|Any CPU
	EndGlobalSection
	GlobalSection(ProjectConfigurationPlatforms) = postSolution
		{C5CC7E56-2433-49E5-8666-B9E4BBC0D67D}.Debug|Any CPU.ActiveCfg = Debug|Any CPU
		{C5CC7E56-2433-49E5-8666-B9E4BBC0D67D}.Debug|Any CPU.Build.0 = Debug|Any CPU
		{C5CC7E56-2433-49E5-8666-B9E4BBC0D67D}.Release|Any CPU.ActiveCfg = Release|Any CPU
		{C5CC7E56-2433-49E5-8666-B9E4BBC0D67D}.Release|Any CPU.Build.0 = Release|Any CPU
		{3D8B4FD5-5B69-415D-BDF8-B3DA10815D41}.Debug|Any CPU.ActiveCfg = Debug|Any CPU
		{3D8B4FD5-5B69-415D-BDF8-B3DA10815D41}.Debug|Any CPU.Build.0 = Debug|Any CPU
		{3D8B4FD5-5B69-415D-BDF8-B3DA10815D41}.Release|Any CPU.ActiveCfg = Release|Any CPU
		{3D8B4FD5-5B69-415D-BDF8-B3DA10815D41}.Release|Any CPU.Build.0 = Release|Any CPU
		{248864B4-5203-42F7-BA60-E1742FEC6FC9}.Debug|Any CPU.ActiveCfg = Debug|Any CPU
		{248864B4-5203-42F7-BA60-E1742FEC6FC9}.Debug|Any CPU.Build.0 = Debug|Any CPU
		{248864B4-5203-42F7-BA60-E1742FEC6FC9}.Release|Any CPU.ActiveCfg = Release|Any CPU
		{248864B4-5203-42F7-BA60-E1742FEC6FC9}.Release|Any CPU.Build.0 = Release|Any CPU
		{9C0DD7DE-C449-4430-94AF-65306186078E}.Debug|Any CPU.ActiveCfg = Debug|Any CPU
		{9C0DD7DE-C449-4430-94AF-65306186078E}.Debug|Any CPU.Build.0 = Debug|Any CPU
		{9C0DD7DE-C449-4430-94AF-65306186078E}.Release|Any CPU.ActiveCfg = Release|Any CPU
		{9C0DD7DE-C449-4430-94AF-65306186078E}.Release|Any CPU.Build.0 = Release|Any CPU
		{D9F3823B-0643-4BE8-A4D2-101CF58D330B}.Debug|Any CPU.ActiveCfg = Debug|Any CPU
		{D9F3823B-0643-4BE8-A4D2-101CF58D330B}.Debug|Any CPU.Build.0 = Debug|Any CPU
		{D9F3823B-0643-4BE8-A4D2-101CF58D330B}.Release|Any CPU.ActiveCfg = Release|Any CPU
		{D9F3823B-0643-4BE8-A4D2-101CF58D330B}.Release|Any CPU.Build.0 = Release|Any CPU
	EndGlobalSection
	GlobalSection(SolutionProperties) = preSolution
		HideSolutionNode = FALSE
	EndGlobalSection
	GlobalSection(ExtensibilityGlobals) = postSolution
		SolutionGuid = {7E419439-1D2B-4922-B495-BABAAC0CD1A0}
	EndGlobalSection
EndGlobal
